
Microsoft Visual Studio Solution File, Format Version 12.00
# Visual Studio Version 16
VisualStudioVersion = 16.0.31025.194
MinimumVisualStudioVersion = 10.0.40219.1
Project("{FAE04EC0-301F-11D3-BF4B-00C04F79EFBC}") = "Lab01", "Lab01\Lab01.csproj", "{0FA9F634-DC09-447C-A5BA-79506D8142BB}"
EndProject
Global
	GlobalSection(SolutionConfigurationPlatforms) = preSolution
		Debug|Any CPU = Debug|Any CPU
		Release|Any CPU = Release|Any CPU
	EndGlobalSection
	GlobalSection(ProjectConfigurationPlatforms) = postSolution
		{0FA9F634-DC09-447C-A5BA-79506D8142BB}.Debug|Any CPU.ActiveCfg = Debug|Any CPU
		{0FA9F634-DC09-447C-A5BA-79506D8142BB}.Debug|Any CPU.Build.0 = Debug|Any CPU
		{0FA9F634-DC09-447C-A5BA-79506D8142BB}.Release|Any CPU.ActiveCfg = Release|Any CPU
		{0FA9F634-DC09-447C-A5BA-79506D8142BB}.Release|Any CPU.Build.0 = Release|Any CPU
	EndGlobalSection
	GlobalSection(SolutionProperties) = preSolution
		HideSolutionNode = FALSE
	EndGlobalSection
	GlobalSection(ExtensibilityGlobals) = postSolution
		SolutionGuid = {CBA47D50-83CF-40BC-8DB6-F8B25DABA066}
	EndGlobalSection
EndGlobal
