
Microsoft Visual Studio Solution File, Format Version 12.00
# Visual Studio Version 16
VisualStudioVersion = 16.0.31025.194
MinimumVisualStudioVersion = 10.0.40219.1
Project("{FAE04EC0-301F-11D3-BF4B-00C04F79EFBC}") = "Profile", "Profile\Profile.csproj", "{995A379F-AC2F-404A-A226-08DE5DD4F819}"
EndProject
Global
	GlobalSection(SolutionConfigurationPlatforms) = preSolution
		Debug|Any CPU = Debug|Any CPU
		Release|Any CPU = Release|Any CPU
	EndGlobalSection
	GlobalSection(ProjectConfigurationPlatforms) = postSolution
		{995A379F-AC2F-404A-A226-08DE5DD4F819}.Debug|Any CPU.ActiveCfg = Debug|Any CPU
		{995A379F-AC2F-404A-A226-08DE5DD4F819}.Debug|Any CPU.Build.0 = Debug|Any CPU
		{995A379F-AC2F-404A-A226-08DE5DD4F819}.Release|Any CPU.ActiveCfg = Release|Any CPU
		{995A379F-AC2F-404A-A226-08DE5DD4F819}.Release|Any CPU.Build.0 = Release|Any CPU
	EndGlobalSection
	GlobalSection(SolutionProperties) = preSolution
		HideSolutionNode = FALSE
	EndGlobalSection
	GlobalSection(ExtensibilityGlobals) = postSolution
		SolutionGuid = {D4A613D9-DEE8-432F-BAE6-8694A10FDB82}
	EndGlobalSection
EndGlobal
